
Microsoft Visual Studio Solution File, Format Version 12.00
# Visual Studio Version 17
VisualStudioVersion = 17.0.31912.275
MinimumVisualStudioVersion = 10.0.40219.1
Project("{FAE04EC0-301F-11D3-BF4B-00C04F79EFBC}") = "Connect4", "Connect4.csproj", "{64C32649-D52D-4F26-B6B8-B4FE34E28DE1}"
EndProject
Project("{2150E333-8FDC-42A3-9474-1A3956D46DE8}") = "Solution Items", "Solution Items", "{2F3B5BDB-6510-48E8-9CBA-1B446C6B1686}"
	ProjectSection(SolutionItems) = preProject
		.editorconfig = .editorconfig
	EndProjectSection
EndProject
Global
	GlobalSection(SolutionConfigurationPlatforms) = preSolution
		Debug|Any CPU = Debug|Any CPU
		Release|Any CPU = Release|Any CPU
	EndGlobalSection
	GlobalSection(ProjectConfigurationPlatforms) = postSolution
		{64C32649-D52D-4F26-B6B8-B4FE34E28DE1}.Debug|Any CPU.ActiveCfg = Debug|Any CPU
		{64C32649-D52D-4F26-B6B8-B4FE34E28DE1}.Debug|Any CPU.Build.0 = Debug|Any CPU
		{64C32649-D52D-4F26-B6B8-B4FE34E28DE1}.Release|Any CPU.ActiveCfg = Release|Any CPU
		{64C32649-D52D-4F26-B6B8-B4FE34E28DE1}.Release|Any CPU.Build.0 = Release|Any CPU
	EndGlobalSection
	GlobalSection(SolutionProperties) = preSolution
		HideSolutionNode = FALSE
	EndGlobalSection
	GlobalSection(ExtensibilityGlobals) = postSolution
		SolutionGuid = {C698FAFD-7269-4107-B842-EE71738D6479}
	EndGlobalSection
EndGlobal
